{
    "_readme": [
        "This file locks the dependencies of your project to a known state",
        "Read more about it at https://getcomposer.org/doc/01-basic-usage.md#installing-dependencies",
        "This file is @generated automatically"
    ],
    "content-hash": "1864f99a9b37e9217fd0c0dd71858e86",
    "packages": [
        {
            "name": "paylike/php-api",
            "version": "1.0.7",
            "source": {
                "type": "git",
                "url": "https://github.com/paylike/php-api.git",
                "reference": "2f53d8bc2a9e7e774f550e9ceffb826a311c5d4f"
            },
            "dist": {
                "type": "zip",
                "url": "https://api.github.com/repos/paylike/php-api/zipball/2f53d8bc2a9e7e774f550e9ceffb826a311c5d4f",
                "reference": "2f53d8bc2a9e7e774f550e9ceffb826a311c5d4f",
                "shasum": ""
            },
            "require": {
                "ext-curl": "*",
                "php": ">=5.3.3"
            },
            "require-dev": {
                "phpunit/phpunit": "^4.8"
            },
            "type": "library",
            "autoload": {
                "psr-4": {
                    "Paylike\\": "src/"
                }
            },
            "notification-url": "https://packagist.org/downloads/",
            "license": [
                "MIT"
            ],
            "authors": [
                {
                    "name": "Ionut Calara",
                    "email": "ionut.calara@gmail.com"
                }
            ],
            "description": "PHP SDK to communicate with the Paylike HTTP API",
            "time": "2020-09-02T13:47:25+00:00"
        }
    ],
    "packages-dev": [],
    "aliases": [],
    "minimum-stability": "dev",
    "stability-flags": [],
    "prefer-stable": false,
    "prefer-lowest": false,
    "platform": [],
    "platform-dev": [],
    "plugin-api-version": "1.1.0"
}
